{
  "requires": true,
  "lockfileVersion": 1,
  "dependencies": {
    "common-prefix": {
      "version": "1.1.0",
      "resolved": "https://registry.npmjs.org/common-prefix/-/common-prefix-1.1.0.tgz",
      "integrity": "sha1-46Xqf6+u/H64TnYFI+GvuYX5DwA="
    },
    "swagger-converter": {
      "version": "1.5.1",
      "resolved": "https://registry.npmjs.org/swagger-converter/-/swagger-converter-1.5.1.tgz",
      "integrity": "sha512-u98/Gt+fAnS95WoUDgWuOiN8MymrNCUdcLoD4Q6szy4nAj9BPCVRzwvJauqqj7+jKcB1ZEKf9vacQKSXEr3OBw==",
      "requires": {
        "common-prefix": "^1.1.0",
        "urijs": "^1.16.1"
      }
    },
    "urijs": {
      "version": "1.19.2",
      "resolved": "https://registry.npmjs.org/urijs/-/urijs-1.19.2.tgz",
      "integrity": "sha512-s/UIq9ap4JPZ7H1EB5ULo/aOUbWqfDi7FKzMC2Nz+0Si8GiT1rIEaprt8hy3Vy2Ex2aJPpOQv4P4DuOZ+K1c6w=="
    }
  }
}
